// !$*UTF8*$!
{
	archiveVersion = 1;
	classes = {
	};
	objectVersion = 50;
	objects = {

/* Begin PBXBuildFile section */
		F6F3734521DC4CE5001CDE32 /* AppDelegate.swift in Sources */ = {isa = PBXBuildFile; fileRef = F6F3734421DC4CE5001CDE32 /* AppDelegate.swift */; };
		F6F3734721DC4CE5001CDE32 /* ViewController.swift in Sources */ = {isa = PBXBuildFile; fileRef = F6F3734621DC4CE5001CDE32 /* ViewController.swift */; };
		F6F3734A21DC4CE6001CDE32 /* Main.storyboard in Resources */ = {isa = PBXBuildFile; fileRef = F6F3734821DC4CE6001CDE32 /* Main.storyboard */; };
		F6F3734C21DC4CE7001CDE32 /* Assets.xcassets in Resources */ = {isa = PBXBuildFile; fileRef = F6F3734B21DC4CE7001CDE32 /* Assets.xcassets */; };
		F6F3734F21DC4CE7001CDE32 /* LaunchScreen.storyboard in Resources */ = {isa = PBXBuildFile; fileRef = F6F3734D21DC4CE7001CDE32 /* LaunchScreen.storyboard */; };
		F6F3735A21DC4CE7001CDE32 /* blurPopup_PreTests.swift in Sources */ = {isa = PBXBuildFile; fileRef = F6F3735921DC4CE7001CDE32 /* blurPopup_PreTests.swift */; };
		F6F3736521DC4CE7001CDE32 /* blurPopup_PreUITests.swift in Sources */ = {isa = PBXBuildFile; fileRef = F6F3736421DC4CE7001CDE32 /* blurPopup_PreUITests.swift */; };
/* End PBXBuildFile section */

/* Begin PBXContainerItemProxy section */
		F6F3735621DC4CE7001CDE32 /* PBXContainerItemProxy */ = {
			isa = PBXContainerItemProxy;
			containerPortal = F6F3733921DC4CE5001CDE32 /* Project object */;
			proxyType = 1;
			remoteGlobalIDString = F6F3734021DC4CE5001CDE32;
			remoteInfo = "blurPopup-Pre";
		};
		F6F3736121DC4CE7001CDE32 /* PBXContainerItemProxy */ = {
			isa = PBXContainerItemProxy;
			containerPortal = F6F3733921DC4CE5001CDE32 /* Project object */;
			proxyType = 1;
			remoteGlobalIDString = F6F3734021DC4CE5001CDE32;
			remoteInfo = "blurPopup-Pre";
		};
/* End PBXContainerItemProxy section */

/* Begin PBXFileReference section */
		F6F3734121DC4CE5001CDE32 /* blurPopup-Pre.app */ = {isa = PBXFileReference; explicitFileType = wrapper.application; includeInIndex = 0; path = "blurPopup-Pre.app"; sourceTree = BUILT_PRODUCTS_DIR; };
		F6F3734421DC4CE5001CDE32 /* AppDelegate.swift */ = {isa = PBXFileReference; lastKnownFileType = sourcecode.swift; path = AppDelegate.swift; sourceTree = "<group>"; };
		F6F3734621DC4CE5001CDE32 /* ViewController.swift */ = {isa = PBXFileReference; lastKnownFileType = sourcecode.swift; path = ViewController.swift; sourceTree = "<group>"; };
		F6F3734921DC4CE6001CDE32 /* Base */ = {isa = PBXFileReference; lastKnownFileType = file.storyboard; name = Base; path = Base.lproj/Main.storyboard; sourceTree = "<group>"; };
		F6F3734B21DC4CE7001CDE32 /* Assets.xcassets */ = {isa = PBXFileReference; lastKnownFileType = folder.assetcatalog; path = Assets.xcassets; sourceTree = "<group>"; };
		F6F3734E21DC4CE7001CDE32 /* Base */ = {isa = PBXFileReference; lastKnownFileType = file.storyboard; name = Base; path = Base.lproj/LaunchScreen.storyboard; sourceTree = "<group>"; };
		F6F3735021DC4CE7001CDE32 /* Info.plist */ = {isa = PBXFileReference; lastKnownFileType = text.plist.xml; path = Info.plist; sourceTree = "<group>"; };
		F6F3735521DC4CE7001CDE32 /* blurPopup-PreTests.xctest */ = {isa = PBXFileReference; explicitFileType = wrapper.cfbundle; includeInIndex = 0; path = "blurPopup-PreTests.xctest"; sourceTree = BUILT_PRODUCTS_DIR; };
		F6F3735921DC4CE7001CDE32 /* blurPopup_PreTests.swift */ = {isa = PBXFileReference; lastKnownFileType = sourcecode.swift; path = blurPopup_PreTests.swift; sourceTree = "<group>"; };
		F6F3735B21DC4CE7001CDE32 /* Info.plist */ = {isa = PBXFileReference; lastKnownFileType = text.plist.xml; path = Info.plist; sourceTree = "<group>"; };
		F6F3736021DC4CE7001CDE32 /* blurPopup-PreUITests.xctest */ = {isa = PBXFileReference; explicitFileType = wrapper.cfbundle; includeInIndex = 0; path = "blurPopup-PreUITests.xctest"; sourceTree = BUILT_PRODUCTS_DIR; };
		F6F3736421DC4CE7001CDE32 /* blurPopup_PreUITests.swift */ = {isa = PBXFileReference; lastKnownFileType = sourcecode.swift; path = blurPopup_PreUITests.swift; sourceTree = "<group>"; };
		F6F3736621DC4CE7001CDE32 /* Info.plist */ = {isa = PBXFileReference; lastKnownFileType = text.plist.xml; path = Info.plist; sourceTree = "<group>"; };
/* End PBXFileReference section */

/* Begin PBXFrameworksBuildPhase section */
		F6F3733E21DC4CE5001CDE32 /* Frameworks */ = {
			isa = PBXFrameworksBuildPhase;
			buildActionMask = 2147483647;
			files = (
			);
			runOnlyForDeploymentPostprocessing = 0;
		};
		F6F3735221DC4CE7001CDE32 /* Frameworks */ = {
			isa = PBXFrameworksBuildPhase;
			buildActionMask = 2147483647;
			files = (
			);
			runOnlyForDeploymentPostprocessing = 0;
		};
		F6F3735D21DC4CE7001CDE32 /* Frameworks */ = {
			isa = PBXFrameworksBuildPhase;
			buildActionMask = 2147483647;
			files = (
			);
			runOnlyForDeploymentPostprocessing = 0;
		};
/* End PBXFrameworksBuildPhase section */

/* Begin PBXGroup section */
		F6F3733821DC4CE5001CDE32 = {
			isa = PBXGroup;
			children = (
				F6F3734321DC4CE5001CDE32 /* blurPopup-Pre */,
				F6F3735821DC4CE7001CDE32 /* blurPopup-PreTests */,
				F6F3736321DC4CE7001CDE32 /* blurPopup-PreUITests */,
				F6F3734221DC4CE5001CDE32 /* Products */,
			);
			sourceTree = "<group>";
		};
		F6F3734221DC4CE5001CDE32 /* Products */ = {
			isa = PBXGroup;
			children = (
				F6F3734121DC4CE5001CDE32 /* blurPopup-Pre.app */,
				F6F3735521DC4CE7001CDE32 /* blurPopup-PreTests.xctest */,
				F6F3736021DC4CE7001CDE32 /* blurPopup-PreUITests.xctest */,
			);
			name = Products;
			sourceTree = "<group>";
		};
		F6F3734321DC4CE5001CDE32 /* blurPopup-Pre */ = {
			isa = PBXGroup;
			children = (
				F6F3734421DC4CE5001CDE32 /* AppDelegate.swift */,
				F6F3734621DC4CE5001CDE32 /* ViewController.swift */,
				F6F3734821DC4CE6001CDE32 /* Main.storyboard */,
				F6F3734B21DC4CE7001CDE32 /* Assets.xcassets */,
				F6F3734D21DC4CE7001CDE32 /* LaunchScreen.storyboard */,
				F6F3735021DC4CE7001CDE32 /* Info.plist */,
			);
			path = "blurPopup-Pre";
			sourceTree = "<group>";
		};
		F6F3735821DC4CE7001CDE32 /* blurPopup-PreTests */ = {
			isa = PBXGroup;
			children = (
				F6F3735921DC4CE7001CDE32 /* blurPopup_PreTests.swift */,
				F6F3735B21DC4CE7001CDE32 /* Info.plist */,
			);
			path = "blurPopup-PreTests";
			sourceTree = "<group>";
		};
		F6F3736321DC4CE7001CDE32 /* blurPopup-PreUITests */ = {
			isa = PBXGroup;
			children = (
				F6F3736421DC4CE7001CDE32 /* blurPopup_PreUITests.swift */,
				F6F3736621DC4CE7001CDE32 /* Info.plist */,
			);
			path = "blurPopup-PreUITests";
			sourceTree = "<group>";
		};
/* End PBXGroup section */

/* Begin PBXNativeTarget section */
		F6F3734021DC4CE5001CDE32 /* blurPopup-Pre */ = {
			isa = PBXNativeTarget;
			buildConfigurationList = F6F3736921DC4CE7001CDE32 /* Build configuration list for PBXNativeTarget "blurPopup-Pre" */;
			buildPhases = (
				F6F3733D21DC4CE5001CDE32 /* Sources */,
				F6F3733E21DC4CE5001CDE32 /* Frameworks */,
				F6F3733F21DC4CE5001CDE32 /* Resources */,
			);
			buildRules = (
			);
			dependencies = (
			);
			name = "blurPopup-Pre";
			productName = "blurPopup-Pre";
			productReference = F6F3734121DC4CE5001CDE32 /* blurPopup-Pre.app */;
			productType = "com.apple.product-type.application";
		};
		F6F3735421DC4CE7001CDE32 /* blurPopup-PreTests */ = {
			isa = PBXNativeTarget;
			buildConfigurationList = F6F3736C21DC4CE7001CDE32 /* Build configuration list for PBXNativeTarget "blurPopup-PreTests" */;
			buildPhases = (
				F6F3735121DC4CE7001CDE32 /* Sources */,
				F6F3735221DC4CE7001CDE32 /* Frameworks */,
				F6F3735321DC4CE7001CDE32 /* Resources */,
			);
			buildRules = (
			);
			dependencies = (
				F6F3735721DC4CE7001CDE32 /* PBXTargetDependency */,
			);
			name = "blurPopup-PreTests";
			productName = "blurPopup-PreTests";
			productReference = F6F3735521DC4CE7001CDE32 /* blurPopup-PreTests.xctest */;
			productType = "com.apple.product-type.bundle.unit-test";
		};
		F6F3735F21DC4CE7001CDE32 /* blurPopup-PreUITests */ = {
			isa = PBXNativeTarget;
			buildConfigurationList = F6F3736F21DC4CE7001CDE32 /* Build configuration list for PBXNativeTarget "blurPopup-PreUITests" */;
			buildPhases = (
				F6F3735C21DC4CE7001CDE32 /* Sources */,
				F6F3735D21DC4CE7001CDE32 /* Frameworks */,
				F6F3735E21DC4CE7001CDE32 /* Resources */,
			);
			buildRules = (
			);
			dependencies = (
				F6F3736221DC4CE7001CDE32 /* PBXTargetDependency */,
			);
			name = "blurPopup-PreUITests";
			productName = "blurPopup-PreUITests";
			productReference = F6F3736021DC4CE7001CDE32 /* blurPopup-PreUITests.xctest */;
			productType = "com.apple.product-type.bundle.ui-testing";
		};
/* End PBXNativeTarget section */

/* Begin PBXProject section */
		F6F3733921DC4CE5001CDE32 /* Project object */ = {
			isa = PBXProject;
			attributes = {
				LastSwiftUpdateCheck = 1010;
				LastUpgradeCheck = 1010;
				ORGANIZATIONNAME = "Riley Norris";
				TargetAttributes = {
					F6F3734021DC4CE5001CDE32 = {
						CreatedOnToolsVersion = 10.1;
					};
					F6F3735421DC4CE7001CDE32 = {
						CreatedOnToolsVersion = 10.1;
						TestTargetID = F6F3734021DC4CE5001CDE32;
					};
					F6F3735F21DC4CE7001CDE32 = {
						CreatedOnToolsVersion = 10.1;
						TestTargetID = F6F3734021DC4CE5001CDE32;
					};
				};
			};
			buildConfigurationList = F6F3733C21DC4CE5001CDE32 /* Build configuration list for PBXProject "blurPopup-Pre" */;
			compatibilityVersion = "Xcode 9.3";
			developmentRegion = en;
			hasScannedForEncodings = 0;
			knownRegions = (
				en,
				Base,
			);
			mainGroup = F6F3733821DC4CE5001CDE32;
			productRefGroup = F6F3734221DC4CE5001CDE32 /* Products */;
			projectDirPath = "";
			projectRoot = "";
			targets = (
				F6F3734021DC4CE5001CDE32 /* blurPopup-Pre */,
				F6F3735421DC4CE7001CDE32 /* blurPopup-PreTests */,
				F6F3735F21DC4CE7001CDE32 /* blurPopup-PreUITests */,
			);
		};
/* End PBXProject section */

/* Begin PBXResourcesBuildPhase section */
		F6F3733F21DC4CE5001CDE32 /* Resources */ = {
			isa = PBXResourcesBuildPhase;
			buildActionMask = 2147483647;
			files = (
				F6F3734F21DC4CE7001CDE32 /* LaunchScreen.storyboard in Resources */,
				F6F3734C21DC4CE7001CDE32 /* Assets.xcassets in Resources */,
				F6F3734A21DC4CE6001CDE32 /* Main.storyboard in Resources */,
			);
			runOnlyForDeploymentPostprocessing = 0;
		};
		F6F3735321DC4CE7001CDE32 /* Resources */ = {
			isa = PBXResourcesBuildPhase;
			buildActionMask = 2147483647;
			files = (
			);
			runOnlyForDeploymentPostprocessing = 0;
		};
		F6F3735E21DC4CE7001CDE32 /* Resources */ = {
			isa = PBXResourcesBuildPhase;
			buildActionMask = 2147483647;
			files = (
			);
			runOnlyForDeploymentPostprocessing = 0;
		};
/* End PBXResourcesBuildPhase section */

/* Begin PBXSourcesBuildPhase section */
		F6F3733D21DC4CE5001CDE32 /* Sources */ = {
			isa = PBXSourcesBuildPhase;
			buildActionMask = 2147483647;
			files = (
				F6F3734721DC4CE5001CDE32 /* ViewController.swift in Sources */,
				F6F3734521DC4CE5001CDE32 /* AppDelegate.swift in Sources */,
			);
			runOnlyForDeploymentPostprocessing = 0;
		};
		F6F3735121DC4CE7001CDE32 /* Sources */ = {
			isa = PBXSourcesBuildPhase;
			buildActionMask = 2147483647;
			files = (
				F6F3735A21DC4CE7001CDE32 /* blurPopup_PreTests.swift in Sources */,
			);
			runOnlyForDeploymentPostprocessing = 0;
		};
		F6F3735C21DC4CE7001CDE32 /* Sources */ = {
			isa = PBXSourcesBuildPhase;
			buildActionMask = 2147483647;
			files = (
				F6F3736521DC4CE7001CDE32 /* blurPopup_PreUITests.swift in Sources */,
			);
			runOnlyForDeploymentPostprocessing = 0;
		};
/* End PBXSourcesBuildPhase section */

/* Begin PBXTargetDependency section */
		F6F3735721DC4CE7001CDE32 /* PBXTargetDependency */ = {
			isa = PBXTargetDependency;
			target = F6F3734021DC4CE5001CDE32 /* blurPopup-Pre */;
			targetProxy = F6F3735621DC4CE7001CDE32 /* PBXContainerItemProxy */;
		};
		F6F3736221DC4CE7001CDE32 /* PBXTargetDependency */ = {
			isa = PBXTargetDependency;
			target = F6F3734021DC4CE5001CDE32 /* blurPopup-Pre */;
			targetProxy = F6F3736121DC4CE7001CDE32 /* PBXContainerItemProxy */;
		};
/* End PBXTargetDependency section */

/* Begin PBXVariantGroup section */
		F6F3734821DC4CE6001CDE32 /* Main.storyboard */ = {
			isa = PBXVariantGroup;
			children = (
				F6F3734921DC4CE6001CDE32 /* Base */,
			);
			name = Main.storyboard;
			sourceTree = "<group>";
		};
		F6F3734D21DC4CE7001CDE32 /* LaunchScreen.storyboard */ = {
			isa = PBXVariantGroup;
			children = (
				F6F3734E21DC4CE7001CDE32 /* Base */,
			);
			name = LaunchScreen.storyboard;
			sourceTree = "<group>";
		};
/* End PBXVariantGroup section */

/* Begin XCBuildConfiguration section */
		F6F3736721DC4CE7001CDE32 /* Debug */ = {
			isa = XCBuildConfiguration;
			buildSettings = {
				ALWAYS_SEARCH_USER_PATHS = NO;
				CLANG_ANALYZER_NONNULL = YES;
				CLANG_ANALYZER_NUMBER_OBJECT_CONVERSION = YES_AGGRESSIVE;
				CLANG_CXX_LANGUAGE_STANDARD = "gnu++14";
				CLANG_CXX_LIBRARY = "libc++";
				CLANG_ENABLE_MODULES = YES;
				CLANG_ENABLE_OBJC_ARC = YES;
				CLANG_ENABLE_OBJC_WEAK = YES;
				CLANG_WARN_BLOCK_CAPTURE_AUTORELEASING = YES;
				CLANG_WARN_BOOL_CONVERSION = YES;
				CLANG_WARN_COMMA = YES;
				CLANG_WARN_CONSTANT_CONVERSION = YES;
				CLANG_WARN_DEPRECATED_OBJC_IMPLEMENTATIONS = YES;
				CLANG_WARN_DIRECT_OBJC_ISA_USAGE = YES_ERROR;
				CLANG_WARN_DOCUMENTATION_COMMENTS = YES;
				CLANG_WARN_EMPTY_BODY = YES;
				CLANG_WARN_ENUM_CONVERSION = YES;
				CLANG_WARN_INFINITE_RECURSION = YES;
				CLANG_WARN_INT_CONVERSION = YES;
				CLANG_WARN_NON_LITERAL_NULL_CONVERSION = YES;
				CLANG_WARN_OBJC_IMPLICIT_RETAIN_SELF = YES;
				CLANG_WARN_OBJC_LITERAL_CONVERSION = YES;
				CLANG_WARN_OBJC_ROOT_CLASS = YES_ERROR;
				CLANG_WARN_RANGE_LOOP_ANALYSIS = YES;
				CLANG_WARN_STRICT_PROTOTYPES = YES;
				CLANG_WARN_SUSPICIOUS_MOVE = YES;
				CLANG_WARN_UNGUARDED_AVAILABILITY = YES_AGGRESSIVE;
				CLANG_WARN_UNREACHABLE_CODE = YES;
				CLANG_WARN__DUPLICATE_METHOD_MATCH = YES;
				CODE_SIGN_IDENTITY = "iPhone Developer";
				COPY_PHASE_STRIP = NO;
				DEBUG_INFORMATION_FORMAT = dwarf;
				ENABLE_STRICT_OBJC_MSGSEND = YES;
				ENABLE_TESTABILITY = YES;
				GCC_C_LANGUAGE_STANDARD = gnu11;
				GCC_DYNAMIC_NO_PIC = NO;
				GCC_NO_COMMON_BLOCKS = YES;
				GCC_OPTIMIZATION_LEVEL = 0;
				GCC_PREPROCESSOR_DEFINITIONS = (
					"DEBUG=1",
					"$(inherited)",
				);
				GCC_WARN_64_TO_32_BIT_CONVERSION = YES;
				GCC_WARN_ABOUT_RETURN_TYPE = YES_ERROR;
				GCC_WARN_UNDECLARED_SELECTOR = YES;
				GCC_WARN_UNINITIALIZED_AUTOS = YES_AGGRESSIVE;
				GCC_WARN_UNUSED_FUNCTION = YES;
				GCC_WARN_UNUSED_VARIABLE = YES;
				IPHONEOS_DEPLOYMENT_TARGET = 12.1;
				MTL_ENABLE_DEBUG_INFO = INCLUDE_SOURCE;
				MTL_FAST_MATH = YES;
				ONLY_ACTIVE_ARCH = YES;
				SDKROOT = iphoneos;
				SWIFT_ACTIVE_COMPILATION_CONDITIONS = DEBUG;
				SWIFT_OPTIMIZATION_LEVEL = "-Onone";
			};
			name = Debug;
		};
		F6F3736821DC4CE7001CDE32 /* Release */ = {
			isa = XCBuildConfiguration;
			buildSettings = {
				ALWAYS_SEARCH_USER_PATHS = NO;
				CLANG_ANALYZER_NONNULL = YES;
				CLANG_ANALYZER_NUMBER_OBJECT_CONVERSION = YES_AGGRESSIVE;
				CLANG_CXX_LANGUAGE_STANDARD = "gnu++14";
				CLANG_CXX_LIBRARY = "libc++";
				CLANG_ENABLE_MODULES = YES;
				CLANG_ENABLE_OBJC_ARC = YES;
				CLANG_ENABLE_OBJC_WEAK = YES;
				CLANG_WARN_BLOCK_CAPTURE_AUTORELEASING = YES;
				CLANG_WARN_BOOL_CONVERSION = YES;
				CLANG_WARN_COMMA = YES;
				CLANG_WARN_CONSTANT_CONVERSION = YES;
				CLANG_WARN_DEPRECATED_OBJC_IMPLEMENTATIONS = YES;
				CLANG_WARN_DIRECT_OBJC_ISA_USAGE = YES_ERROR;
				CLANG_WARN_DOCUMENTATION_COMMENTS = YES;
				CLANG_WARN_EMPTY_BODY = YES;
				CLANG_WARN_ENUM_CONVERSION = YES;
				CLANG_WARN_INFINITE_RECURSION = YES;
				CLANG_WARN_INT_CONVERSION = YES;
				CLANG_WARN_NON_LITERAL_NULL_CONVERSION = YES;
				CLANG_WARN_OBJC_IMPLICIT_RETAIN_SELF = YES;
				CLANG_WARN_OBJC_LITERAL_CONVERSION = YES;
				CLANG_WARN_OBJC_ROOT_CLASS = YES_ERROR;
				CLANG_WARN_RANGE_LOOP_ANALYSIS = YES;
				CLANG_WARN_STRICT_PROTOTYPES = YES;
				CLANG_WARN_SUSPICIOUS_MOVE = YES;
				CLANG_WARN_UNGUARDED_AVAILABILITY = YES_AGGRESSIVE;
				CLANG_WARN_UNREACHABLE_CODE = YES;
				CLANG_WARN__DUPLICATE_METHOD_MATCH = YES;
				CODE_SIGN_IDENTITY = "iPhone Developer";
				COPY_PHASE_STRIP = NO;
				DEBUG_INFORMATION_FORMAT = "dwarf-with-dsym";
				ENABLE_NS_ASSERTIONS = NO;
				ENABLE_STRICT_OBJC_MSGSEND = YES;
				GCC_C_LANGUAGE_STANDARD = gnu11;
				GCC_NO_COMMON_BLOCKS = YES;
				GCC_WARN_64_TO_32_BIT_CONVERSION = YES;
				GCC_WARN_ABOUT_RETURN_TYPE = YES_ERROR;
				GCC_WARN_UNDECLARED_SELECTOR = YES;
				GCC_WARN_UNINITIALIZED_AUTOS = YES_AGGRESSIVE;
				GCC_WARN_UNUSED_FUNCTION = YES;
				GCC_WARN_UNUSED_VARIABLE = YES;
				IPHONEOS_DEPLOYMENT_TARGET = 12.1;
				MTL_ENABLE_DEBUG_INFO = NO;
				MTL_FAST_MATH = YES;
				SDKROOT = iphoneos;
				SWIFT_COMPILATION_MODE = wholemodule;
				SWIFT_OPTIMIZATION_LEVEL = "-O";
				VALIDATE_PRODUCT = YES;
			};
			name = Release;
		};
		F6F3736A21DC4CE7001CDE32 /* Debug */ = {
			isa = XCBuildConfiguration;
			buildSettings = {
				ASSETCATALOG_COMPILER_APPICON_NAME = AppIcon;
				CODE_SIGN_STYLE = Automatic;
				DEVELOPMENT_TEAM = 764FG2R9VZ;
				INFOPLIST_FILE = "blurPopup-Pre/Info.plist";
				LD_RUNPATH_SEARCH_PATHS = (
					"$(inherited)",
					"@executable_path/Frameworks",
				);
				PRODUCT_BUNDLE_IDENTIFIER = "riley-norris.blurPopup-Pre";
				PRODUCT_NAME = "$(TARGET_NAME)";
				SWIFT_VERSION = 4.2;
				TARGETED_DEVICE_FAMILY = "1,2";
			};
			name = Debug;
		};
		F6F3736B21DC4CE7001CDE32 /* Release */ = {
			isa = XCBuildConfiguration;
			buildSettings = {
				ASSETCATALOG_COMPILER_APPICON_NAME = AppIcon;
				CODE_SIGN_STYLE = Automatic;
				DEVELOPMENT_TEAM = 764FG2R9VZ;
				INFOPLIST_FILE = "blurPopup-Pre/Info.plist";
				LD_RUNPATH_SEARCH_PATHS = (
					"$(inherited)",
					"@executable_path/Frameworks",
				);
				PRODUCT_BUNDLE_IDENTIFIER = "riley-norris.blurPopup-Pre";
				PRODUCT_NAME = "$(TARGET_NAME)";
				SWIFT_VERSION = 4.2;
				TARGETED_DEVICE_FAMILY = "1,2";
			};
			name = Release;
		};
		F6F3736D21DC4CE7001CDE32 /* Debug */ = {
			isa = XCBuildConfiguration;
			buildSettings = {
				ALWAYS_EMBED_SWIFT_STANDARD_LIBRARIES = YES;
				BUNDLE_LOADER = "$(TEST_HOST)";
				CODE_SIGN_STYLE = Automatic;
				DEVELOPMENT_TEAM = 764FG2R9VZ;
				INFOPLIST_FILE = "blurPopup-PreTests/Info.plist";
				LD_RUNPATH_SEARCH_PATHS = (
					"$(inherited)",
					"@executable_path/Frameworks",
					"@loader_path/Frameworks",
				);
				PRODUCT_BUNDLE_IDENTIFIER = "riley-norris.blurPopup-PreTests";
				PRODUCT_NAME = "$(TARGET_NAME)";
				SWIFT_VERSION = 4.2;
				TARGETED_DEVICE_FAMILY = "1,2";
				TEST_HOST = "$(BUILT_PRODUCTS_DIR)/blurPopup-Pre.app/blurPopup-Pre";
			};
			name = Debug;
		};
		F6F3736E21DC4CE7001CDE32 /* Release */ = {
			isa = XCBuildConfiguration;
			buildSettings = {
				ALWAYS_EMBED_SWIFT_STANDARD_LIBRARIES = YES;
				BUNDLE_LOADER = "$(TEST_HOST)";
				CODE_SIGN_STYLE = Automatic;
				DEVELOPMENT_TEAM = 764FG2R9VZ;
				INFOPLIST_FILE = "blurPopup-PreTests/Info.plist";
				LD_RUNPATH_SEARCH_PATHS = (
					"$(inherited)",
					"@executable_path/Frameworks",
					"@loader_path/Frameworks",
				);
				PRODUCT_BUNDLE_IDENTIFIER = "riley-norris.blurPopup-PreTests";
				PRODUCT_NAME = "$(TARGET_NAME)";
				SWIFT_VERSION = 4.2;
				TARGETED_DEVICE_FAMILY = "1,2";
				TEST_HOST = "$(BUILT_PRODUCTS_DIR)/blurPopup-Pre.app/blurPopup-Pre";
			};
			name = Release;
		};
		F6F3737021DC4CE7001CDE32 /* Debug */ = {
			isa = XCBuildConfiguration;
			buildSettings = {
				ALWAYS_EMBED_SWIFT_STANDARD_LIBRARIES = YES;
				CODE_SIGN_STYLE = Automatic;
				DEVELOPMENT_TEAM = 764FG2R9VZ;
				INFOPLIST_FILE = "blurPopup-PreUITests/Info.plist";
				LD_RUNPATH_SEARCH_PATHS = (
					"$(inherited)",
					"@executable_path/Frameworks",
					"@loader_path/Frameworks",
				);
				PRODUCT_BUNDLE_IDENTIFIER = "riley-norris.blurPopup-PreUITests";
				PRODUCT_NAME = "$(TARGET_NAME)";
				SWIFT_VERSION = 4.2;
				TARGETED_DEVICE_FAMILY = "1,2";
				TEST_TARGET_NAME = "blurPopup-Pre";
			};
			name = Debug;
		};
		F6F3737121DC4CE7001CDE32 /* Release */ = {
			isa = XCBuildConfiguration;
			buildSettings = {
				ALWAYS_EMBED_SWIFT_STANDARD_LIBRARIES = YES;
				CODE_SIGN_STYLE = Automatic;
				DEVELOPMENT_TEAM = 764FG2R9VZ;
				INFOPLIST_FILE = "blurPopup-PreUITests/Info.plist";
				LD_RUNPATH_SEARCH_PATHS = (
					"$(inherited)",
					"@executable_path/Frameworks",
					"@loader_path/Frameworks",
				);
				PRODUCT_BUNDLE_IDENTIFIER = "riley-norris.blurPopup-PreUITests";
				PRODUCT_NAME = "$(TARGET_NAME)";
				SWIFT_VERSION = 4.2;
				TARGETED_DEVICE_FAMILY = "1,2";
				TEST_TARGET_NAME = "blurPopup-Pre";
			};
			name = Release;
		};
/* End XCBuildConfiguration section */

/* Begin XCConfigurationList section */
		F6F3733C21DC4CE5001CDE32 /* Build configuration list for PBXProject "blurPopup-Pre" */ = {
			isa = XCConfigurationList;
			buildConfigurations = (
				F6F3736721DC4CE7001CDE32 /* Debug */,
				F6F3736821DC4CE7001CDE32 /* Release */,
			);
			defaultConfigurationIsVisible = 0;
			defaultConfigurationName = Release;
		};
		F6F3736921DC4CE7001CDE32 /* Build configuration list for PBXNativeTarget "blurPopup-Pre" */ = {
			isa = XCConfigurationList;
			buildConfigurations = (
				F6F3736A21DC4CE7001CDE32 /* Debug */,
				F6F3736B21DC4CE7001CDE32 /* Release */,
			);
			defaultConfigurationIsVisible = 0;
			defaultConfigurationName = Release;
		};
		F6F3736C21DC4CE7001CDE32 /* Build configuration list for PBXNativeTarget "blurPopup-PreTests" */ = {
			isa = XCConfigurationList;
			buildConfigurations = (
				F6F3736D21DC4CE7001CDE32 /* Debug */,
				F6F3736E21DC4CE7001CDE32 /* Release */,
			);
			defaultConfigurationIsVisible = 0;
			defaultConfigurationName = Release;
		};
		F6F3736F21DC4CE7001CDE32 /* Build configuration list for PBXNativeTarget "blurPopup-PreUITests" */ = {
			isa = XCConfigurationList;
			buildConfigurations = (
				F6F3737021DC4CE7001CDE32 /* Debug */,
				F6F3737121DC4CE7001CDE32 /* Release */,
			);
			defaultConfigurationIsVisible = 0;
			defaultConfigurationName = Release;
		};
/* End XCConfigurationList section */
	};
	rootObject = F6F3733921DC4CE5001CDE32 /* Project object */;
}
